// !$*UTF8*$!
{
	archiveVersion = 1;
	classes = {
	};
	objectVersion = 46;
	objects = {

/* Begin PBXBuildFile section */
		BBDFD8041A28A41F0066209C /* blueprint.cc in Sources */ = {isa = PBXBuildFile; fileRef = BBDFD7FD1A28A41F0066209C /* blueprint.cc */; };
		BBDFD8051A28A41F0066209C /* sourcemap.cc in Sources */ = {isa = PBXBuildFile; fileRef = BBDFD7FE1A28A41F0066209C /* sourcemap.cc */; };
		BBDFD8061A28A41F0066209C /* parse.cc in Sources */ = {isa = PBXBuildFile; fileRef = BBDFD7FF1A28A41F0066209C /* parse.cc */; };
		BBDFD8071A28A41F0066209C /* protagonist.cc in Sources */ = {isa = PBXBuildFile; fileRef = BBDFD8001A28A41F0066209C /* protagonist.cc */; };
		BBDFD8081A28A41F0066209C /* result.cc in Sources */ = {isa = PBXBuildFile; fileRef = BBDFD8021A28A41F0066209C /* result.cc */; };
		BBDFD8091A28A41F0066209C /* annotation.cc in Sources */ = {isa = PBXBuildFile; fileRef = BBDFD8031A28A41F0066209C /* annotation.cc */; };
/* End PBXBuildFile section */

/* Begin PBXFileReference section */
		4356CA71CA8E342C68FB50A5 /* protagonist.node */ = {isa = PBXFileReference; explicitFileType = "compiled.mach-o.dylib"; includeInIndex = 0; path = protagonist.node; sourceTree = BUILT_PRODUCTS_DIR; };
		BBDFD7FD1A28A41F0066209C /* blueprint.cc */ = {isa = PBXFileReference; fileEncoding = 4; lastKnownFileType = sourcecode.cpp.cpp; name = blueprint.cc; path = protagonist/src/blueprint.cc; sourceTree = SOURCE_ROOT; };
		BBDFD7FE1A28A41F0066209C /* sourcemap.cc */ = {isa = PBXFileReference; fileEncoding = 4; lastKnownFileType = sourcecode.cpp.cpp; name = sourcemap.cc; path = protagonist/src/sourcemap.cc; sourceTree = SOURCE_ROOT; };
		BBDFD7FF1A28A41F0066209C /* parse.cc */ = {isa = PBXFileReference; fileEncoding = 4; lastKnownFileType = sourcecode.cpp.cpp; name = parse.cc; path = protagonist/src/parse.cc; sourceTree = SOURCE_ROOT; };
		BBDFD8001A28A41F0066209C /* protagonist.cc */ = {isa = PBXFileReference; fileEncoding = 4; lastKnownFileType = sourcecode.cpp.cpp; name = protagonist.cc; path = protagonist/src/protagonist.cc; sourceTree = SOURCE_ROOT; };
		BBDFD8011A28A41F0066209C /* protagonist.h */ = {isa = PBXFileReference; fileEncoding = 4; lastKnownFileType = sourcecode.c.h; name = protagonist.h; path = protagonist/src/protagonist.h; sourceTree = SOURCE_ROOT; };
		BBDFD8021A28A41F0066209C /* result.cc */ = {isa = PBXFileReference; fileEncoding = 4; lastKnownFileType = sourcecode.cpp.cpp; name = result.cc; path = protagonist/src/result.cc; sourceTree = SOURCE_ROOT; };
		BBDFD8031A28A41F0066209C /* annotation.cc */ = {isa = PBXFileReference; fileEncoding = 4; lastKnownFileType = sourcecode.cpp.cpp; name = annotation.cc; path = protagonist/src/annotation.cc; sourceTree = SOURCE_ROOT; };
/* End PBXFileReference section */

/* Begin PBXFrameworksBuildPhase section */
		1F905B03D3A027AAD4B30F93 /* Frameworks */ = {
			isa = PBXFrameworksBuildPhase;
			buildActionMask = 2147483647;
			files = (
			);
			runOnlyForDeploymentPostprocessing = 0;
		};
/* End PBXFrameworksBuildPhase section */

/* Begin PBXGroup section */
		56ED6A3536E7F9F904D5FDD5 /* Products */ = {
			isa = PBXGroup;
			children = (
				4356CA71CA8E342C68FB50A5 /* protagonist.node */,
			);
			name = Products;
			sourceTree = "<group>";
		};
		8E565C0D950EA14FF0D7B42C = {
			isa = PBXGroup;
			children = (
				BEC32694EDD348BD8825C8CC /* Source */,
				56ED6A3536E7F9F904D5FDD5 /* Products */,
			);
			sourceTree = "<group>";
		};
		BEC32694EDD348BD8825C8CC /* Source */ = {
			isa = PBXGroup;
			children = (
				BBDFD7FD1A28A41F0066209C /* blueprint.cc */,
				BBDFD7FE1A28A41F0066209C /* sourcemap.cc */,
				BBDFD7FF1A28A41F0066209C /* parse.cc */,
				BBDFD8001A28A41F0066209C /* protagonist.cc */,
				BBDFD8011A28A41F0066209C /* protagonist.h */,
				BBDFD8021A28A41F0066209C /* result.cc */,
				BBDFD8031A28A41F0066209C /* annotation.cc */,
			);
			name = Source;
			path = src;
			sourceTree = "<group>";
		};
/* End PBXGroup section */

/* Begin PBXNativeTarget section */
		8743905594E0F326BDB790BC /* protagonist */ = {
			isa = PBXNativeTarget;
			buildConfigurationList = AAC2F3CFB620DD6693044E14 /* Build configuration list for PBXNativeTarget "protagonist" */;
			buildPhases = (
				D5E7A89C4614AA621AB1A28D /* Sources */,
				1F905B03D3A027AAD4B30F93 /* Frameworks */,
			);
			buildRules = (
			);
			dependencies = (
			);
			name = protagonist;
			productName = protagonist;
			productReference = 4356CA71CA8E342C68FB50A5 /* protagonist.node */;
			productType = "com.apple.product-type.library.dynamic";
		};
/* End PBXNativeTarget section */

/* Begin PBXProject section */
		35108566DD7B7EB466D59581 /* Project object */ = {
			isa = PBXProject;
			attributes = {
				BuildIndependentTargetsInParallel = YES;
				LastUpgradeCheck = 0610;
			};
			buildConfigurationList = 4C650493AFEDDCC6E69C8CC5 /* Build configuration list for PBXProject "protagonist" */;
			compatibilityVersion = "Xcode 3.2";
			developmentRegion = English;
			hasScannedForEncodings = 1;
			knownRegions = (
				en,
			);
			mainGroup = 8E565C0D950EA14FF0D7B42C;
			projectDirPath = ..;
			projectRoot = "";
			targets = (
				8743905594E0F326BDB790BC /* protagonist */,
			);
		};
/* End PBXProject section */

/* Begin PBXSourcesBuildPhase section */
		D5E7A89C4614AA621AB1A28D /* Sources */ = {
			isa = PBXSourcesBuildPhase;
			buildActionMask = 2147483647;
			files = (
				BBDFD8071A28A41F0066209C /* protagonist.cc in Sources */,
				BBDFD8041A28A41F0066209C /* blueprint.cc in Sources */,
				BBDFD8091A28A41F0066209C /* annotation.cc in Sources */,
				BBDFD8081A28A41F0066209C /* result.cc in Sources */,
				BBDFD8051A28A41F0066209C /* sourcemap.cc in Sources */,
				BBDFD8061A28A41F0066209C /* parse.cc in Sources */,
			);
			runOnlyForDeploymentPostprocessing = 0;
		};
/* End PBXSourcesBuildPhase section */

/* Begin XCBuildConfiguration section */
		6519D7D432991F886C89F840 /* Debug */ = {
			isa = XCBuildConfiguration;
			buildSettings = {
				ALWAYS_SEARCH_USER_PATHS = NO;
				COMBINE_HIDPI_IMAGES = YES;
				DYLIB_COMPATIBILITY_VERSION = "";
				DYLIB_CURRENT_VERSION = "";
				DYLIB_INSTALL_NAME_BASE = "@rpath";
				EXECUTABLE_EXTENSION = node;
				EXECUTABLE_PREFIX = "";
				GCC_CW_ASM_SYNTAX = NO;
				GCC_DYNAMIC_NO_PIC = NO;
				GCC_ENABLE_CPP_EXCEPTIONS = YES;
				GCC_ENABLE_CPP_RTTI = YES;
				GCC_ENABLE_PASCAL_STRINGS = NO;
				GCC_OPTIMIZATION_LEVEL = 0;
				GCC_PREPROCESSOR_DEFINITIONS = (
					"_DARWIN_USE_64_BIT_INODE=1",
					_LARGEFILE_SOURCE,
					"_FILE_OFFSET_BITS=64",
					BUILDING_NODE_EXTENSION,
					DEBUG,
					_DEBUG,
				);
				GCC_THREADSAFE_STATICS = NO;
				HEADER_SEARCH_PATHS = (
					"/Users/zdenek/.node-gyp/0.10.33/src",
					"/Users/zdenek/.node-gyp/0.10.33/deps/uv/include",
					"/Users/zdenek/.node-gyp/0.10.33/deps/v8/include",
					./snowcrash/src,
					"./snowcrash/ext/markdown-parser/src",
					"./snowcrash/ext/markdown-parser/ext/sundown/src",
					"./snowcrash/ext/markdown-parser/ext/sundown/html",
				);
				LIBRARY_SEARCH_PATHS = (
					"$(inherited)",
					"$(PROJECT_DIR)/protagonist/build/Release",
				);
				MACH_O_TYPE = mh_bundle;
				MACOSX_DEPLOYMENT_TARGET = 10.5;
				OTHER_CFLAGS = "-fno-strict-aliasing";
				OTHER_LDFLAGS = (
					"-Wl,-search_paths_first",
					"-undefined",
					dynamic_lookup,
				);
				PREBINDING = NO;
				PRODUCT_NAME = protagonist;
				USE_HEADERMAP = NO;
				WARNING_CFLAGS = (
					"-Wall",
					"-Wendif-labels",
					"-W",
					"-Wno-unused-parameter",
				);
			};
			name = Debug;
		};
		6E6920ED8E0647812495A381 /* Debug */ = {
			isa = XCBuildConfiguration;
			buildSettings = {
				INTERMEDIATE_DIR = "$(PROJECT_DERIVED_FILE_DIR)/$(CONFIGURATION)";
				ONLY_ACTIVE_ARCH = YES;
				SHARED_INTERMEDIATE_DIR = "$(SYMROOT)/DerivedSources/$(CONFIGURATION)";
			};
			name = Debug;
		};
		C105B9B7860128DE6FED45B8 /* Release */ = {
			isa = XCBuildConfiguration;
			buildSettings = {
				ALWAYS_SEARCH_USER_PATHS = NO;
				COMBINE_HIDPI_IMAGES = YES;
				DYLIB_COMPATIBILITY_VERSION = "";
				DYLIB_CURRENT_VERSION = "";
				DYLIB_INSTALL_NAME_BASE = "@rpath";
				EXECUTABLE_EXTENSION = node;
				EXECUTABLE_PREFIX = "";
				GCC_CW_ASM_SYNTAX = NO;
				GCC_DYNAMIC_NO_PIC = NO;
				GCC_ENABLE_CPP_EXCEPTIONS = YES;
				GCC_ENABLE_CPP_RTTI = YES;
				GCC_ENABLE_PASCAL_STRINGS = NO;
				GCC_OPTIMIZATION_LEVEL = 1;
				GCC_PREPROCESSOR_DEFINITIONS = (
					"_DARWIN_USE_64_BIT_INODE=1",
					_LARGEFILE_SOURCE,
					"_FILE_OFFSET_BITS=64",
					BUILDING_NODE_EXTENSION,
				);
				GCC_THREADSAFE_STATICS = NO;
				HEADER_SEARCH_PATHS = (
					"/Users/zdenek/.node-gyp/0.10.33/src",
					"/Users/zdenek/.node-gyp/0.10.33/deps/uv/include",
					"/Users/zdenek/.node-gyp/0.10.33/deps/v8/include",
					./snowcrash/src,
					"./snowcrash/ext/markdown-parser/src",
					"./snowcrash/ext/markdown-parser/ext/sundown/src",
					"./snowcrash/ext/markdown-parser/ext/sundown/html",
				);
				LIBRARY_SEARCH_PATHS = (
					"$(inherited)",
					"$(PROJECT_DIR)/protagonist/build/Release",
				);
				MACH_O_TYPE = mh_bundle;
				MACOSX_DEPLOYMENT_TARGET = 10.5;
				OTHER_CFLAGS = "-fno-strict-aliasing";
				OTHER_LDFLAGS = (
					"-Wl,-search_paths_first",
					"-undefined",
					dynamic_lookup,
				);
				PREBINDING = NO;
				PRODUCT_NAME = protagonist;
				USE_HEADERMAP = NO;
				WARNING_CFLAGS = (
					"-Wall",
					"-Wendif-labels",
					"-W",
					"-Wno-unused-parameter",
				);
			};
			name = Release;
		};
		F0FE067650554857AB1E411A /* Release */ = {
			isa = XCBuildConfiguration;
			buildSettings = {
				INTERMEDIATE_DIR = "$(PROJECT_DERIVED_FILE_DIR)/$(CONFIGURATION)";
				SHARED_INTERMEDIATE_DIR = "$(SYMROOT)/DerivedSources/$(CONFIGURATION)";
			};
			name = Release;
		};
/* End XCBuildConfiguration section */

/* Begin XCConfigurationList section */
		4C650493AFEDDCC6E69C8CC5 /* Build configuration list for PBXProject "protagonist" */ = {
			isa = XCConfigurationList;
			buildConfigurations = (
				F0FE067650554857AB1E411A /* Release */,
				6E6920ED8E0647812495A381 /* Debug */,
			);
			defaultConfigurationIsVisible = 1;
			defaultConfigurationName = Release;
		};
		AAC2F3CFB620DD6693044E14 /* Build configuration list for PBXNativeTarget "protagonist" */ = {
			isa = XCConfigurationList;
			buildConfigurations = (
				C105B9B7860128DE6FED45B8 /* Release */,
				6519D7D432991F886C89F840 /* Debug */,
			);
			defaultConfigurationIsVisible = 1;
			defaultConfigurationName = Release;
		};
/* End XCConfigurationList section */
	};
	rootObject = 35108566DD7B7EB466D59581 /* Project object */;
}
